
Microsoft Visual Studio Solution File, Format Version 12.00
# Visual Studio Version 17
VisualStudioVersion = 17.8.34511.84
MinimumVisualStudioVersion = 10.0.40219.1
Project("{FAE04EC0-301F-11D3-BF4B-00C04F79EFBC}") = "PalWorld.Sav.Examples.Serializer", "PalWorld.Sav.Examples.Serializer\PalWorld.Sav.Examples.Serializer.csproj", "{7197AF4C-2545-42FC-BFF0-BFD79952C980}"
EndProject
Project("{9A19103F-16F7-4668-BE54-9A1E7A4F7556}") = "PalWorld.Sav.Serializer", "..\..\src\PalWorld.Sav.Serializer\PalWorld.Sav.Serializer.csproj", "{5C29B721-E5BF-4B8D-AC52-DE6BE967BAEE}"
EndProject
Global
	GlobalSection(SolutionConfigurationPlatforms) = preSolution
		Debug|Any CPU = Debug|Any CPU
		Release|Any CPU = Release|Any CPU
	EndGlobalSection
	GlobalSection(ProjectConfigurationPlatforms) = postSolution
		{7197AF4C-2545-42FC-BFF0-BFD79952C980}.Debug|Any CPU.ActiveCfg = Debug|Any CPU
		{7197AF4C-2545-42FC-BFF0-BFD79952C980}.Debug|Any CPU.Build.0 = Debug|Any CPU
		{7197AF4C-2545-42FC-BFF0-BFD79952C980}.Release|Any CPU.ActiveCfg = Release|Any CPU
		{7197AF4C-2545-42FC-BFF0-BFD79952C980}.Release|Any CPU.Build.0 = Release|Any CPU
		{5C29B721-E5BF-4B8D-AC52-DE6BE967BAEE}.Debug|Any CPU.ActiveCfg = Debug|Any CPU
		{5C29B721-E5BF-4B8D-AC52-DE6BE967BAEE}.Debug|Any CPU.Build.0 = Debug|Any CPU
		{5C29B721-E5BF-4B8D-AC52-DE6BE967BAEE}.Release|Any CPU.ActiveCfg = Release|Any CPU
		{5C29B721-E5BF-4B8D-AC52-DE6BE967BAEE}.Release|Any CPU.Build.0 = Release|Any CPU
	EndGlobalSection
	GlobalSection(SolutionProperties) = preSolution
		HideSolutionNode = FALSE
	EndGlobalSection
	GlobalSection(ExtensibilityGlobals) = postSolution
		SolutionGuid = {9B4AE040-874F-4069-A0C7-BFC2A8AA1DA1}
	EndGlobalSection
EndGlobal
