
Microsoft Visual Studio Solution File, Format Version 12.00
# Visual Studio Version 17
VisualStudioVersion = 17.8.34511.84
MinimumVisualStudioVersion = 10.0.40219.1
Project("{9A19103F-16F7-4668-BE54-9A1E7A4F7556}") = "PalWorld.Sav.Examples.Deserializer", "PalWorld.Sav.Examples.Deserializer\PalWorld.Sav.Examples.Deserializer.csproj", "{EFCA9B2B-9C46-4A74-9AD7-0E8BFF0D79F6}"
EndProject
Project("{9A19103F-16F7-4668-BE54-9A1E7A4F7556}") = "PalWorld.Sav.Serializer", "..\..\src\PalWorld.Sav.Serializer\PalWorld.Sav.Serializer.csproj", "{68330614-49F0-40DF-B9D5-52FB6357AB59}"
EndProject
Project("{2150E333-8FDC-42A3-9474-1A3956D46DE8}") = "Examples-Sav-Files", "Examples-Sav-Files", "{B9AF6E1E-FA7C-4776-AD17-C8B7579F6F2F}"
	ProjectSection(SolutionItems) = preProject
		Examples-Sav-Files\LevelMeta.sav = Examples-Sav-Files\LevelMeta.sav
	EndProjectSection
EndProject
Global
	GlobalSection(SolutionConfigurationPlatforms) = preSolution
		Debug|Any CPU = Debug|Any CPU
		Release|Any CPU = Release|Any CPU
	EndGlobalSection
	GlobalSection(ProjectConfigurationPlatforms) = postSolution
		{EFCA9B2B-9C46-4A74-9AD7-0E8BFF0D79F6}.Debug|Any CPU.ActiveCfg = Debug|Any CPU
		{EFCA9B2B-9C46-4A74-9AD7-0E8BFF0D79F6}.Debug|Any CPU.Build.0 = Debug|Any CPU
		{EFCA9B2B-9C46-4A74-9AD7-0E8BFF0D79F6}.Release|Any CPU.ActiveCfg = Release|Any CPU
		{EFCA9B2B-9C46-4A74-9AD7-0E8BFF0D79F6}.Release|Any CPU.Build.0 = Release|Any CPU
		{68330614-49F0-40DF-B9D5-52FB6357AB59}.Debug|Any CPU.ActiveCfg = Debug|Any CPU
		{68330614-49F0-40DF-B9D5-52FB6357AB59}.Debug|Any CPU.Build.0 = Debug|Any CPU
		{68330614-49F0-40DF-B9D5-52FB6357AB59}.Release|Any CPU.ActiveCfg = Release|Any CPU
		{68330614-49F0-40DF-B9D5-52FB6357AB59}.Release|Any CPU.Build.0 = Release|Any CPU
	EndGlobalSection
	GlobalSection(SolutionProperties) = preSolution
		HideSolutionNode = FALSE
	EndGlobalSection
	GlobalSection(ExtensibilityGlobals) = postSolution
		SolutionGuid = {33F2AE36-56A5-434B-9DB8-3A16C3323909}
	EndGlobalSection
EndGlobal
